
Microsoft Visual Studio Solution File, Format Version 12.00
# Visual Studio 15
VisualStudioVersion = 15.0.28307.168
MinimumVisualStudioVersion = 10.0.40219.1
Project("{FAE04EC0-301F-11D3-BF4B-00C04F79EFBC}") = "TwitterClone2", "TwitterClone2\TwitterClone2.csproj", "{958BC709-EC35-4633-A130-43CB8EC7EF52}"
EndProject
Global
	GlobalSection(SolutionConfigurationPlatforms) = preSolution
		Debug|Any CPU = Debug|Any CPU
		Release|Any CPU = Release|Any CPU
	EndGlobalSection
	GlobalSection(ProjectConfigurationPlatforms) = postSolution
		{958BC709-EC35-4633-A130-43CB8EC7EF52}.Debug|Any CPU.ActiveCfg = Debug|Any CPU
		{958BC709-EC35-4633-A130-43CB8EC7EF52}.Debug|Any CPU.Build.0 = Debug|Any CPU
		{958BC709-EC35-4633-A130-43CB8EC7EF52}.Release|Any CPU.ActiveCfg = Release|Any CPU
		{958BC709-EC35-4633-A130-43CB8EC7EF52}.Release|Any CPU.Build.0 = Release|Any CPU
	EndGlobalSection
	GlobalSection(SolutionProperties) = preSolution
		HideSolutionNode = FALSE
	EndGlobalSection
	GlobalSection(ExtensibilityGlobals) = postSolution
		SolutionGuid = {FBE6DAA2-C765-4CDC-B7BA-CBCFBA015CB7}
	EndGlobalSection
EndGlobal
